{
    "_meta": {
        "hash": {
            "sha256": "e588c4bcc6e00c0ddc2f307beeaf8689616c293786a37c663c738209ba36abc7"
        },
        "pipfile-spec": 6,
        "requires": {
            "python_version": "2.7"
        },
        "sources": [
            {
                "name": "pypi",
                "url": "https://pypi.org/simple",
                "verify_ssl": true
            }
        ]
    },
    "default": {
        "ingredient-phrase-tagger": {
            "editable": true,
            "path": "."
        },
        "numpy": {
            "hashes": [
                "sha256:0df89ca13c25eaa1621a3f09af4c8ba20da849692dcae184cb55e80952c453fb",
                "sha256:154c35f195fd3e1fad2569930ca51907057ae35e03938f89a8aedae91dd1b7c7",
                "sha256:18e84323cdb8de3325e741a7a8dd4a82db74fde363dce32b625324c7b32aa6d7",
                "sha256:1e8956c37fc138d65ded2d96ab3949bd49038cc6e8a4494b1515b0ba88c91565",
                "sha256:23557bdbca3ccbde3abaa12a6e82299bc92d2b9139011f8c16ca1bb8c75d1e95",
                "sha256:24fd645a5e5d224aa6e39d93e4a722fafa9160154f296fd5ef9580191c755053",
                "sha256:36e36b6868e4440760d4b9b44587ea1dc1f06532858d10abba98e851e154ca70",
                "sha256:3d734559db35aa3697dadcea492a423118c5c55d176da2f3be9c98d4803fc2a7",
                "sha256:416a2070acf3a2b5d586f9a6507bb97e33574df5bd7508ea970bbf4fc563fa52",
                "sha256:4a22dc3f5221a644dfe4a63bf990052cc674ef12a157b1056969079985c92816",
                "sha256:4d8d3e5aa6087490912c14a3c10fbdd380b40b421c13920ff468163bc50e016f",
                "sha256:4f41fd159fba1245e1958a99d349df49c616b133636e0cf668f169bce2aeac2d",
                "sha256:561ef098c50f91fbac2cc9305b68c915e9eb915a74d9038ecf8af274d748f76f",
                "sha256:56994e14b386b5c0a9b875a76d22d707b315fa037affc7819cda08b6d0489756",
                "sha256:73a1f2a529604c50c262179fcca59c87a05ff4614fe8a15c186934d84d09d9a5",
                "sha256:7da99445fd890206bfcc7419f79871ba8e73d9d9e6b82fe09980bc5bb4efc35f",
                "sha256:99d59e0bcadac4aa3280616591fb7bcd560e2218f5e31d5223a2e12a1425d495",
                "sha256:a4cc09489843c70b22e8373ca3dfa52b3fab778b57cf81462f1203b0852e95e3",
                "sha256:a61dc29cfca9831a03442a21d4b5fd77e3067beca4b5f81f1a89a04a71cf93fa",
                "sha256:b1853df739b32fa913cc59ad9137caa9cc3d97ff871e2bbd89c2a2a1d4a69451",
                "sha256:b1f44c335532c0581b77491b7715a871d0dd72e97487ac0f57337ccf3ab3469b",
                "sha256:b261e0cb0d6faa8fd6863af26d30351fd2ffdb15b82e51e81e96b9e9e2e7ba16",
                "sha256:c857ae5dba375ea26a6228f98c195fec0898a0fd91bcf0e8a0cae6d9faf3eca7",
                "sha256:cf5bb4a7d53a71bb6a0144d31df784a973b36d8687d615ef6a7e9b1809917a9b",
                "sha256:db9814ff0457b46f2e1d494c1efa4111ca089e08c8b983635ebffb9c1573361f",
                "sha256:df04f4bad8a359daa2ff74f8108ea051670cafbca533bb2636c58b16e962989e",
                "sha256:ecf81720934a0e18526177e645cbd6a8a21bb0ddc887ff9738de07a1df5c6b61",
                "sha256:edfa6fba9157e0e3be0f40168eb142511012683ac3dc82420bee4a3f3981b30e"
            ],
            "version": "==1.15.4"
        },
        "pandas": {
            "hashes": [
                "sha256:05047c3da18658d0054a50447dcc1bb415081db0b2bbdd0118ab211ed30baff9",
                "sha256:05103c91be255bfc47dd213e8def39f1b298dcbb82149557b79bcc7fb3624d12",
                "sha256:0a8128a8d99f548740d6e5c61d4f7cf8c51336e729a514ece822f0ebc4682904",
                "sha256:162fdc8282868e77cd7bd6c89c0ad0bace9bced4fc97484d0deb8b9f24dafc80",
                "sha256:22d8bfbe3356404495bd7da379b7c0362668845db39718f48d7f4fdb88eba062",
                "sha256:30c665b4f4efb1e788453a85936c486cccd58431c20befc53e5cc1416a785c75",
                "sha256:47d0683990419716271b83757f36f6ccff771c02fc5e0689ab1a675a0699a3a5",
                "sha256:5da8a5f840306e819cecc5e97daf75ebd67458fb3107c7b38322743918c1e1bc",
                "sha256:602da4855aa308280dc0970b81734ca08e0bbf49e845cce0de59cf39d5d8a02a",
                "sha256:725241455e9cac4c1f312c24aad483f8ed08a630d7d47e45ae180a68a26b26e8",
                "sha256:831de4dfd23369734fd03edeca44a352e64ac97a74389506628a3ac1c5ffbfe2",
                "sha256:9f5724375d5113ab143ba9c0e4b9fd9da166c689eaef304702b4590773a841b8",
                "sha256:cfd7214a7223703fe6999fbe34837749540efee1c985e6aee9933f30e3f72837",
                "sha256:d61862c8f9b59b07995035b9492dabb78bb71aacc2d5db8cf35b56fcf040ce4a"
            ],
            "index": "pypi",
            "version": "==0.17.1"
        },
        "python-dateutil": {
            "hashes": [
                "sha256:063df5763652e21de43de7d9e00ccf239f953a832941e37be541614732cdfc93",
                "sha256:88f9287c0174266bb0d8cedd395cfba9c58e87e5ad86b2ce58859bc11be3cf02"
            ],
            "version": "==2.7.5"
        },
        "pytz": {
            "hashes": [
                "sha256:31cb35c89bd7d333cd32c5f278fca91b523b0834369e757f4c5641ea252236ca",
                "sha256:8e0f8568c118d3077b46be7d654cc8167fa916092e28320cde048e54bfc9f1e6"
            ],
            "version": "==2018.7"
        },
        "six": {
            "hashes": [
                "sha256:70e8a77beed4562e7f14fe23a786b54f6296e34344c23bc42f07b15018ff98e9",
                "sha256:832dc0e10feb1aa2c68dcc57dbb658f1c7e65b9b61af69048abc87a2db00a0eb"
            ],
            "version": "==1.11.0"
        },
        "unidecode": {
            "hashes": [
                "sha256:a66f8a527ee0709742caa16745cc882b85d6cfc12b37fa2f56024d07031f230c"
            ],
            "index": "pypi",
            "version": "==0.4.14"
        }
    },
    "develop": {}
}
